
Microsoft Visual Studio Solution File, Format Version 12.00
# Visual Studio 15
VisualStudioVersion = 15.0.28307.1927
MinimumVisualStudioVersion = 10.0.40219.1
Project("{FAE04EC0-301F-11D3-BF4B-00C04F79EFBC}") = "Mood checker", "Mood checker\Mood checker.csproj", "{172D31EC-3A9C-44E2-BD6A-0B6147BD6AEB}"
EndProject
Global
	GlobalSection(SolutionConfigurationPlatforms) = preSolution
		Debug|Any CPU = Debug|Any CPU
		Release|Any CPU = Release|Any CPU
	EndGlobalSection
	GlobalSection(ProjectConfigurationPlatforms) = postSolution
		{172D31EC-3A9C-44E2-BD6A-0B6147BD6AEB}.Debug|Any CPU.ActiveCfg = Debug|Any CPU
		{172D31EC-3A9C-44E2-BD6A-0B6147BD6AEB}.Debug|Any CPU.Build.0 = Debug|Any CPU
		{172D31EC-3A9C-44E2-BD6A-0B6147BD6AEB}.Release|Any CPU.ActiveCfg = Release|Any CPU
		{172D31EC-3A9C-44E2-BD6A-0B6147BD6AEB}.Release|Any CPU.Build.0 = Release|Any CPU
	EndGlobalSection
	GlobalSection(SolutionProperties) = preSolution
		HideSolutionNode = FALSE
	EndGlobalSection
	GlobalSection(ExtensibilityGlobals) = postSolution
		SolutionGuid = {64539BF3-690D-4265-A366-86743DB0C7E7}
	EndGlobalSection
EndGlobal
